hash: 36b07eddfa469660912aaa9d846fc5742e5c9e3acf4b2d8753101d2af54ef30c
updated: 2019-07-18T16:49:31.240312841-07:00
imports:
- name: github.com/segmentio/stats
  version: 29b56b24d9fb484874321b8e0f7d99e4b58ead25
  subpackages:
  - datadog
  - httpstats
- name: go.uber.org/atomic
  version: df976f2515e274675050de7b3f42545de80594fd
- name: go.uber.org/multierr
  version: 3c4937480c32f4c13a875a1829af76c98ca3d40a
- name: go.uber.org/zap
  version: 9a9fa7d4b5f07a9b634983678a65b5525f81e58b
  subpackages:
  - buffer
  - internal/bufferpool
  - internal/color
  - internal/exit
  - zapcore
- name: gopkg.in/yaml.v2
  version: 51d6538a90f86fe93ac480b35f37b2be17fef232
testImports:
- name: github.com/davecgh/go-spew
  version: 346938d642f2ec3594ed81d874461961cd0faa76
  subpackages:
  - spew
- name: github.com/pmezard/go-difflib
  version: 5d4384ee4fb2527b0a1256a821ebfc92f91efefc
  subpackages:
  - difflib
- name: github.com/stretchr/testify
  version: d84e815d441de9c64a3a2f9336c32acf1e7349d1
  subpackages:
  - assert
